
Microsoft Visual Studio Solution File, Format Version 12.00
# Visual Studio Version 17
VisualStudioVersion = 17.2.32526.322
MinimumVisualStudioVersion = 10.0.40219.1
Project("{FAE04EC0-301F-11D3-BF4B-00C04F79EFBC}") = "Business", "Business\Business.csproj", "{CC8C3EA8-497E-4872-8A2B-B008290AD3D1}"
EndProject
Project("{FAE04EC0-301F-11D3-BF4B-00C04F79EFBC}") = "Core", "Core\Core.csproj", "{748F2208-B327-4F05-A400-842D04976FAB}"
EndProject
Project("{FAE04EC0-301F-11D3-BF4B-00C04F79EFBC}") = "DataAccess", "DataAccess\DataAccess.csproj", "{43D659D9-105F-44E7-A48F-5ACC61895CB0}"
EndProject
Project("{FAE04EC0-301F-11D3-BF4B-00C04F79EFBC}") = "Entitis", "Entitis\Entitis.csproj", "{8CF5F34F-49B5-47AC-9DE4-FA23D9A89E4F}"
EndProject
Project("{FAE04EC0-301F-11D3-BF4B-00C04F79EFBC}") = "WebApi", "WebApi\WebApi.csproj", "{C20A2F47-D420-498C-AABB-1907E6BBFE17}"
EndProject
Global
	GlobalSection(SolutionConfigurationPlatforms) = preSolution
		Debug|Any CPU = Debug|Any CPU
		Release|Any CPU = Release|Any CPU
	EndGlobalSection
	GlobalSection(ProjectConfigurationPlatforms) = postSolution
		{CC8C3EA8-497E-4872-8A2B-B008290AD3D1}.Debug|Any CPU.ActiveCfg = Debug|Any CPU
		{CC8C3EA8-497E-4872-8A2B-B008290AD3D1}.Debug|Any CPU.Build.0 = Debug|Any CPU
		{CC8C3EA8-497E-4872-8A2B-B008290AD3D1}.Release|Any CPU.ActiveCfg = Release|Any CPU
		{CC8C3EA8-497E-4872-8A2B-B008290AD3D1}.Release|Any CPU.Build.0 = Release|Any CPU
		{748F2208-B327-4F05-A400-842D04976FAB}.Debug|Any CPU.ActiveCfg = Debug|Any CPU
		{748F2208-B327-4F05-A400-842D04976FAB}.Debug|Any CPU.Build.0 = Debug|Any CPU
		{748F2208-B327-4F05-A400-842D04976FAB}.Release|Any CPU.ActiveCfg = Release|Any CPU
		{748F2208-B327-4F05-A400-842D04976FAB}.Release|Any CPU.Build.0 = Release|Any CPU
		{43D659D9-105F-44E7-A48F-5ACC61895CB0}.Debug|Any CPU.ActiveCfg = Debug|Any CPU
		{43D659D9-105F-44E7-A48F-5ACC61895CB0}.Debug|Any CPU.Build.0 = Debug|Any CPU
		{43D659D9-105F-44E7-A48F-5ACC61895CB0}.Release|Any CPU.ActiveCfg = Release|Any CPU
		{43D659D9-105F-44E7-A48F-5ACC61895CB0}.Release|Any CPU.Build.0 = Release|Any CPU
		{8CF5F34F-49B5-47AC-9DE4-FA23D9A89E4F}.Debug|Any CPU.ActiveCfg = Debug|Any CPU
		{8CF5F34F-49B5-47AC-9DE4-FA23D9A89E4F}.Debug|Any CPU.Build.0 = Debug|Any CPU
		{8CF5F34F-49B5-47AC-9DE4-FA23D9A89E4F}.Release|Any CPU.ActiveCfg = Release|Any CPU
		{8CF5F34F-49B5-47AC-9DE4-FA23D9A89E4F}.Release|Any CPU.Build.0 = Release|Any CPU
		{C20A2F47-D420-498C-AABB-1907E6BBFE17}.Debug|Any CPU.ActiveCfg = Debug|Any CPU
		{C20A2F47-D420-498C-AABB-1907E6BBFE17}.Debug|Any CPU.Build.0 = Debug|Any CPU
		{C20A2F47-D420-498C-AABB-1907E6BBFE17}.Release|Any CPU.ActiveCfg = Release|Any CPU
		{C20A2F47-D420-498C-AABB-1907E6BBFE17}.Release|Any CPU.Build.0 = Release|Any CPU
	EndGlobalSection
	GlobalSection(SolutionProperties) = preSolution
		HideSolutionNode = FALSE
	EndGlobalSection
	GlobalSection(ExtensibilityGlobals) = postSolution
		SolutionGuid = {A839F195-2B74-4617-A1B9-4257590A31AE}
	EndGlobalSection
EndGlobal
